dependencies:
  espressif/esp-dsp:
    component_hash: 619639efc18cfa361a9e423739b9b0ffc14991effc6c027f955c2f2c3bf1754b
    dependencies:
    - name: idf
      require: private
      version: '>=4.2'
    source:
      registry_url: https://components.espressif.com
      type: service
    version: 1.6.0
  espressif/esp-sr:
    component_hash: 3306620e61eaa7d8d7ffe7887ea0461824f4c0423079569e2e14af4dd959c491
    dependencies:
    - name: espressif/esp-dsp
      registry_url: https://components.espressif.com
      require: private
      version: 1.6.0
    - name: idf
      require: private
      version: '>=5.0'
    source:
      registry_url: https://components.espressif.com/
      type: service
    version: 2.1.2
  idf:
    source:
      type: idf
    version: 5.3.2
direct_dependencies:
- espressif/esp-sr
manifest_hash: 7a3624f88538e7dfb32500efef996cf31a9e1b5826029c25921ea8024514557f
target: esp32s3
version: 2.0.0
